
Microsoft Visual Studio Solution File, Format Version 12.00
# Visual Studio Version 17
VisualStudioVersion = 17.1.32319.34
MinimumVisualStudioVersion = 10.0.40219.1
Project("{FAE04EC0-301F-11D3-BF4B-00C04F79EFBC}") = "Web_API_Patients", "Web_API_Patients\Web_API_Patients.csproj", "{4CAAA297-8733-43DE-B70B-4305F3A1BCBD}"
EndProject
Global
	GlobalSection(SolutionConfigurationPlatforms) = preSolution
		Debug|Any CPU = Debug|Any CPU
		Release|Any CPU = Release|Any CPU
	EndGlobalSection
	GlobalSection(ProjectConfigurationPlatforms) = postSolution
		{4CAAA297-8733-43DE-B70B-4305F3A1BCBD}.Debug|Any CPU.ActiveCfg = Debug|Any CPU
		{4CAAA297-8733-43DE-B70B-4305F3A1BCBD}.Debug|Any CPU.Build.0 = Debug|Any CPU
		{4CAAA297-8733-43DE-B70B-4305F3A1BCBD}.Release|Any CPU.ActiveCfg = Release|Any CPU
		{4CAAA297-8733-43DE-B70B-4305F3A1BCBD}.Release|Any CPU.Build.0 = Release|Any CPU
	EndGlobalSection
	GlobalSection(SolutionProperties) = preSolution
		HideSolutionNode = FALSE
	EndGlobalSection
	GlobalSection(ExtensibilityGlobals) = postSolution
		SolutionGuid = {3B68FD6D-6B19-494F-90FE-23BF608CCD70}
	EndGlobalSection
EndGlobal
